
Microsoft Visual Studio Solution File, Format Version 12.00
# Visual Studio Version 17
VisualStudioVersion = 17.7.34302.85
MinimumVisualStudioVersion = 10.0.40219.1
Project("{FAE04EC0-301F-11D3-BF4B-00C04F79EFBC}") = "testDataGrid", "testDataGrid.csproj", "{7F00CF24-E143-437B-8E70-F2CCF0D06FB7}"
EndProject
Global
	GlobalSection(SolutionConfigurationPlatforms) = preSolution
		Debug|Any CPU = Debug|Any CPU
		Release|Any CPU = Release|Any CPU
	EndGlobalSection
	GlobalSection(ProjectConfigurationPlatforms) = postSolution
		{7F00CF24-E143-437B-8E70-F2CCF0D06FB7}.Debug|Any CPU.ActiveCfg = Debug|Any CPU
		{7F00CF24-E143-437B-8E70-F2CCF0D06FB7}.Debug|Any CPU.Build.0 = Debug|Any CPU
		{7F00CF24-E143-437B-8E70-F2CCF0D06FB7}.Release|Any CPU.ActiveCfg = Release|Any CPU
		{7F00CF24-E143-437B-8E70-F2CCF0D06FB7}.Release|Any CPU.Build.0 = Release|Any CPU
	EndGlobalSection
	GlobalSection(SolutionProperties) = preSolution
		HideSolutionNode = FALSE
	EndGlobalSection
	GlobalSection(ExtensibilityGlobals) = postSolution
		SolutionGuid = {6B4A7351-9EB5-4492-AD22-49331E24B32B}
	EndGlobalSection
EndGlobal
